// !$*UTF8*$!
{
	archiveVersion = 1;
	classes = {
	};
	objectVersion = 46;
	objects = {

/* Begin PBXBuildFile section */
		9EEF58AB1ADB936E00326755 /* Foundation.framework in Frameworks */ = {isa = PBXBuildFile; fileRef = 9EEF58AA1ADB936E00326755 /* Foundation.framework */; };
		9EEF58AD1ADB936E00326755 /* CoreGraphics.framework in Frameworks */ = {isa = PBXBuildFile; fileRef = 9EEF58AC1ADB936E00326755 /* CoreGraphics.framework */; };
		9EEF58AF1ADB936E00326755 /* UIKit.framework in Frameworks */ = {isa = PBXBuildFile; fileRef = 9EEF58AE1ADB936E00326755 /* UIKit.framework */; };
		9EEF58B51ADB936E00326755 /* InfoPlist.strings in Resources */ = {isa = PBXBuildFile; fileRef = 9EEF58B31ADB936E00326755 /* InfoPlist.strings */; };
		9EEF58B71ADB936E00326755 /* main.m in Sources */ = {isa = PBXBuildFile; fileRef = 9EEF58B61ADB936E00326755 /* main.m */; };
		9EEF58BB1ADB936E00326755 /* ZFAppDelegate.m in Sources */ = {isa = PBXBuildFile; fileRef = 9EEF58BA1ADB936E00326755 /* ZFAppDelegate.m */; };
		9EEF58BD1ADB936E00326755 /* Images.xcassets in Resources */ = {isa = PBXBuildFile; fileRef = 9EEF58BC1ADB936E00326755 /* Images.xcassets */; };
		9EEF58C41ADB936E00326755 /* XCTest.framework in Frameworks */ = {isa = PBXBuildFile; fileRef = 9EEF58C31ADB936E00326755 /* XCTest.framework */; };
		9EEF58C51ADB936E00326755 /* Foundation.framework in Frameworks */ = {isa = PBXBuildFile; fileRef = 9EEF58AA1ADB936E00326755 /* Foundation.framework */; };
		9EEF58C61ADB936E00326755 /* UIKit.framework in Frameworks */ = {isa = PBXBuildFile; fileRef = 9EEF58AE1ADB936E00326755 /* UIKit.framework */; };
		9EEF58CE1ADB936E00326755 /* InfoPlist.strings in Resources */ = {isa = PBXBuildFile; fileRef = 9EEF58CC1ADB936E00326755 /* InfoPlist.strings */; };
		9EEF58D01ADB936E00326755 /* __Tests.m in Sources */ = {isa = PBXBuildFile; fileRef = 9EEF58CF1ADB936E00326755 /* __Tests.m */; };
/* End PBXBuildFile section */

/* Begin PBXContainerItemProxy section */
		9EEF58C71ADB936E00326755 /* PBXContainerItemProxy */ = {
			isa = PBXContainerItemProxy;
			containerPortal = 9EEF589F1ADB936E00326755 /* Project object */;
			proxyType = 1;
			remoteGlobalIDString = 9EEF58A61ADB936E00326755;
			remoteInfo = "有戏";
		};
/* End PBXContainerItemProxy section */

/* Begin PBXFileReference section */
		9EEF58A71ADB936E00326755 /* 有戏.app */ = {isa = PBXFileReference; explicitFileType = wrapper.application; includeInIndex = 0; path = "有戏.app"; sourceTree = BUILT_PRODUCTS_DIR; };
		9EEF58AA1ADB936E00326755 /* Foundation.framework */ = {isa = PBXFileReference; lastKnownFileType = wrapper.framework; name = Foundation.framework; path = System/Library/Frameworks/Foundation.framework; sourceTree = SDKROOT; };
		9EEF58AC1ADB936E00326755 /* CoreGraphics.framework */ = {isa = PBXFileReference; lastKnownFileType = wrapper.framework; name = CoreGraphics.framework; path = System/Library/Frameworks/CoreGraphics.framework; sourceTree = SDKROOT; };
		9EEF58AE1ADB936E00326755 /* UIKit.framework */ = {isa = PBXFileReference; lastKnownFileType = wrapper.framework; name = UIKit.framework; path = System/Library/Frameworks/UIKit.framework; sourceTree = SDKROOT; };
		9EEF58B21ADB936E00326755 /* 有戏-Info.plist */ = {isa = PBXFileReference; lastKnownFileType = text.plist.xml; path = "有戏-Info.plist"; sourceTree = "<group>"; };
		9EEF58B41ADB936E00326755 /* en */ = {isa = PBXFileReference; lastKnownFileType = text.plist.strings; name = en; path = en.lproj/InfoPlist.strings; sourceTree = "<group>"; };
		9EEF58B61ADB936E00326755 /* main.m */ = {isa = PBXFileReference; lastKnownFileType = sourcecode.c.objc; path = main.m; sourceTree = "<group>"; };
		9EEF58B81ADB936E00326755 /* 有戏-Prefix.pch */ = {isa = PBXFileReference; lastKnownFileType = sourcecode.c.h; path = "有戏-Prefix.pch"; sourceTree = "<group>"; };
		9EEF58B91ADB936E00326755 /* ZFAppDelegate.h */ = {isa = PBXFileReference; lastKnownFileType = sourcecode.c.h; path = ZFAppDelegate.h; sourceTree = "<group>"; };
		9EEF58BA1ADB936E00326755 /* ZFAppDelegate.m */ = {isa = PBXFileReference; lastKnownFileType = sourcecode.c.objc; path = ZFAppDelegate.m; sourceTree = "<group>"; };
		9EEF58BC1ADB936E00326755 /* Images.xcassets */ = {isa = PBXFileReference; lastKnownFileType = folder.assetcatalog; path = Images.xcassets; sourceTree = "<group>"; };
		9EEF58C21ADB936E00326755 /* 有戏Tests.xctest */ = {isa = PBXFileReference; explicitFileType = wrapper.cfbundle; includeInIndex = 0; path = "有戏Tests.xctest"; sourceTree = BUILT_PRODUCTS_DIR; };
		9EEF58C31ADB936E00326755 /* XCTest.framework */ = {isa = PBXFileReference; lastKnownFileType = wrapper.framework; name = XCTest.framework; path = Library/Frameworks/XCTest.framework; sourceTree = DEVELOPER_DIR; };
		9EEF58CB1ADB936E00326755 /* 有戏Tests-Info.plist */ = {isa = PBXFileReference; lastKnownFileType = text.plist.xml; path = "有戏Tests-Info.plist"; sourceTree = "<group>"; };
		9EEF58CD1ADB936E00326755 /* en */ = {isa = PBXFileReference; lastKnownFileType = text.plist.strings; name = en; path = en.lproj/InfoPlist.strings; sourceTree = "<group>"; };
		9EEF58CF1ADB936E00326755 /* __Tests.m */ = {isa = PBXFileReference; lastKnownFileType = sourcecode.c.objc; path = __Tests.m; sourceTree = "<group>"; };
/* End PBXFileReference section */

/* Begin PBXFrameworksBuildPhase section */
		9EEF58A41ADB936E00326755 /* Frameworks */ = {
			isa = PBXFrameworksBuildPhase;
			buildActionMask = 2147483647;
			files = (
				9EEF58AD1ADB936E00326755 /* CoreGraphics.framework in Frameworks */,
				9EEF58AF1ADB936E00326755 /* UIKit.framework in Frameworks */,
				9EEF58AB1ADB936E00326755 /* Foundation.framework in Frameworks */,
			);
			runOnlyForDeploymentPostprocessing = 0;
		};
		9EEF58BF1ADB936E00326755 /* Frameworks */ = {
			isa = PBXFrameworksBuildPhase;
			buildActionMask = 2147483647;
			files = (
				9EEF58C41ADB936E00326755 /* XCTest.framework in Frameworks */,
				9EEF58C61ADB936E00326755 /* UIKit.framework in Frameworks */,
				9EEF58C51ADB936E00326755 /* Foundation.framework in Frameworks */,
			);
			runOnlyForDeploymentPostprocessing = 0;
		};
/* End PBXFrameworksBuildPhase section */

/* Begin PBXGroup section */
		9EEF589E1ADB936E00326755 = {
			isa = PBXGroup;
			children = (
				9EEF58B01ADB936E00326755 /* 有戏 */,
				9EEF58C91ADB936E00326755 /* 有戏Tests */,
				9EEF58A91ADB936E00326755 /* Frameworks */,
				9EEF58A81ADB936E00326755 /* Products */,
			);
			sourceTree = "<group>";
		};
		9EEF58A81ADB936E00326755 /* Products */ = {
			isa = PBXGroup;
			children = (
				9EEF58A71ADB936E00326755 /* 有戏.app */,
				9EEF58C21ADB936E00326755 /* 有戏Tests.xctest */,
			);
			name = Products;
			sourceTree = "<group>";
		};
		9EEF58A91ADB936E00326755 /* Frameworks */ = {
			isa = PBXGroup;
			children = (
				9EEF58AA1ADB936E00326755 /* Foundation.framework */,
				9EEF58AC1ADB936E00326755 /* CoreGraphics.framework */,
				9EEF58AE1ADB936E00326755 /* UIKit.framework */,
				9EEF58C31ADB936E00326755 /* XCTest.framework */,
			);
			name = Frameworks;
			sourceTree = "<group>";
		};
		9EEF58B01ADB936E00326755 /* 有戏 */ = {
			isa = PBXGroup;
			children = (
				9EEF58B91ADB936E00326755 /* ZFAppDelegate.h */,
				9EEF58BA1ADB936E00326755 /* ZFAppDelegate.m */,
				9EEF58BC1ADB936E00326755 /* Images.xcassets */,
				9EEF58B11ADB936E00326755 /* Supporting Files */,
			);
			path = "有戏";
			sourceTree = "<group>";
		};
		9EEF58B11ADB936E00326755 /* Supporting Files */ = {
			isa = PBXGroup;
			children = (
				9EEF58B21ADB936E00326755 /* 有戏-Info.plist */,
				9EEF58B31ADB936E00326755 /* InfoPlist.strings */,
				9EEF58B61ADB936E00326755 /* main.m */,
				9EEF58B81ADB936E00326755 /* 有戏-Prefix.pch */,
			);
			name = "Supporting Files";
			sourceTree = "<group>";
		};
		9EEF58C91ADB936E00326755 /* 有戏Tests */ = {
			isa = PBXGroup;
			children = (
				9EEF58CF1ADB936E00326755 /* __Tests.m */,
				9EEF58CA1ADB936E00326755 /* Supporting Files */,
			);
			path = "有戏Tests";
			sourceTree = "<group>";
		};
		9EEF58CA1ADB936E00326755 /* Supporting Files */ = {
			isa = PBXGroup;
			children = (
				9EEF58CB1ADB936E00326755 /* 有戏Tests-Info.plist */,
				9EEF58CC1ADB936E00326755 /* InfoPlist.strings */,
			);
			name = "Supporting Files";
			sourceTree = "<group>";
		};
/* End PBXGroup section */

/* Begin PBXNativeTarget section */
		9EEF58A61ADB936E00326755 /* 有戏 */ = {
			isa = PBXNativeTarget;
			buildConfigurationList = 9EEF58D31ADB936E00326755 /* Build configuration list for PBXNativeTarget "有戏" */;
			buildPhases = (
				9EEF58A31ADB936E00326755 /* Sources */,
				9EEF58A41ADB936E00326755 /* Frameworks */,
				9EEF58A51ADB936E00326755 /* Resources */,
			);
			buildRules = (
			);
			dependencies = (
			);
			name = "有戏";
			productName = "有戏";
			productReference = 9EEF58A71ADB936E00326755 /* 有戏.app */;
			productType = "com.apple.product-type.application";
		};
		9EEF58C11ADB936E00326755 /* 有戏Tests */ = {
			isa = PBXNativeTarget;
			buildConfigurationList = 9EEF58D61ADB936E00326755 /* Build configuration list for PBXNativeTarget "有戏Tests" */;
			buildPhases = (
				9EEF58BE1ADB936E00326755 /* Sources */,
				9EEF58BF1ADB936E00326755 /* Frameworks */,
				9EEF58C01ADB936E00326755 /* Resources */,
			);
			buildRules = (
			);
			dependencies = (
				9EEF58C81ADB936E00326755 /* PBXTargetDependency */,
			);
			name = "有戏Tests";
			productName = "有戏Tests";
			productReference = 9EEF58C21ADB936E00326755 /* 有戏Tests.xctest */;
			productType = "com.apple.product-type.bundle.unit-test";
		};
/* End PBXNativeTarget section */

/* Begin PBXProject section */
		9EEF589F1ADB936E00326755 /* Project object */ = {
			isa = PBXProject;
			attributes = {
				CLASSPREFIX = ZF;
				LastUpgradeCheck = 0510;
				ORGANIZATIONNAME = froda;
				TargetAttributes = {
					9EEF58C11ADB936E00326755 = {
						TestTargetID = 9EEF58A61ADB936E00326755;
					};
				};
			};
			buildConfigurationList = 9EEF58A21ADB936E00326755 /* Build configuration list for PBXProject "有戏" */;
			compatibilityVersion = "Xcode 3.2";
			developmentRegion = English;
			hasScannedForEncodings = 0;
			knownRegions = (
				en,
			);
			mainGroup = 9EEF589E1ADB936E00326755;
			productRefGroup = 9EEF58A81ADB936E00326755 /* Products */;
			projectDirPath = "";
			projectRoot = "";
			targets = (
				9EEF58A61ADB936E00326755 /* 有戏 */,
				9EEF58C11ADB936E00326755 /* 有戏Tests */,
			);
		};
/* End PBXProject section */

/* Begin PBXResourcesBuildPhase section */
		9EEF58A51ADB936E00326755 /* Resources */ = {
			isa = PBXResourcesBuildPhase;
			buildActionMask = 2147483647;
			files = (
				9EEF58B51ADB936E00326755 /* InfoPlist.strings in Resources */,
				9EEF58BD1ADB936E00326755 /* Images.xcassets in Resources */,
			);
			runOnlyForDeploymentPostprocessing = 0;
		};
		9EEF58C01ADB936E00326755 /* Resources */ = {
			isa = PBXResourcesBuildPhase;
			buildActionMask = 2147483647;
			files = (
				9EEF58CE1ADB936E00326755 /* InfoPlist.strings in Resources */,
			);
			runOnlyForDeploymentPostprocessing = 0;
		};
/* End PBXResourcesBuildPhase section */

/* Begin PBXSourcesBuildPhase section */
		9EEF58A31ADB936E00326755 /* Sources */ = {
			isa = PBXSourcesBuildPhase;
			buildActionMask = 2147483647;
			files = (
				9EEF58BB1ADB936E00326755 /* ZFAppDelegate.m in Sources */,
				9EEF58B71ADB936E00326755 /* main.m in Sources */,
			);
			runOnlyForDeploymentPostprocessing = 0;
		};
		9EEF58BE1ADB936E00326755 /* Sources */ = {
			isa = PBXSourcesBuildPhase;
			buildActionMask = 2147483647;
			files = (
				9EEF58D01ADB936E00326755 /* __Tests.m in Sources */,
			);
			runOnlyForDeploymentPostprocessing = 0;
		};
/* End PBXSourcesBuildPhase section */

/* Begin PBXTargetDependency section */
		9EEF58C81ADB936E00326755 /* PBXTargetDependency */ = {
			isa = PBXTargetDependency;
			target = 9EEF58A61ADB936E00326755 /* 有戏 */;
			targetProxy = 9EEF58C71ADB936E00326755 /* PBXContainerItemProxy */;
		};
/* End PBXTargetDependency section */

/* Begin PBXVariantGroup section */
		9EEF58B31ADB936E00326755 /* InfoPlist.strings */ = {
			isa = PBXVariantGroup;
			children = (
				9EEF58B41ADB936E00326755 /* en */,
			);
			name = InfoPlist.strings;
			sourceTree = "<group>";
		};
		9EEF58CC1ADB936E00326755 /* InfoPlist.strings */ = {
			isa = PBXVariantGroup;
			children = (
				9EEF58CD1ADB936E00326755 /* en */,
			);
			name = InfoPlist.strings;
			sourceTree = "<group>";
		};
/* End PBXVariantGroup section */

/* Begin XCBuildConfiguration section */
		9EEF58D11ADB936E00326755 /* Debug */ = {
			isa = XCBuildConfiguration;
			buildSettings = {
				ALWAYS_SEARCH_USER_PATHS = NO;
				CLANG_CXX_LANGUAGE_STANDARD = "gnu++0x";
				CLANG_CXX_LIBRARY = "libc++";
				CLANG_ENABLE_MODULES = YES;
				CLANG_ENABLE_OBJC_ARC = YES;
				CLANG_WARN_BOOL_CONVERSION = YES;
				CLANG_WARN_CONSTANT_CONVERSION = YES;
				CLANG_WARN_DIRECT_OBJC_ISA_USAGE = YES_ERROR;
				CLANG_WARN_EMPTY_BODY = YES;
				CLANG_WARN_ENUM_CONVERSION = YES;
				CLANG_WARN_INT_CONVERSION = YES;
				CLANG_WARN_OBJC_ROOT_CLASS = YES_ERROR;
				CLANG_WARN__DUPLICATE_METHOD_MATCH = YES;
				"CODE_SIGN_IDENTITY[sdk=iphoneos*]" = "iPhone Developer";
				COPY_PHASE_STRIP = NO;
				GCC_C_LANGUAGE_STANDARD = gnu99;
				GCC_DYNAMIC_NO_PIC = NO;
				GCC_OPTIMIZATION_LEVEL = 0;
				GCC_PREPROCESSOR_DEFINITIONS = (
					"DEBUG=1",
					"$(inherited)",
				);
				GCC_SYMBOLS_PRIVATE_EXTERN = NO;
				GCC_WARN_64_TO_32_BIT_CONVERSION = YES;
				GCC_WARN_ABOUT_RETURN_TYPE = YES_ERROR;
				GCC_WARN_UNDECLARED_SELECTOR = YES;
				GCC_WARN_UNINITIALIZED_AUTOS = YES_AGGRESSIVE;
				GCC_WARN_UNUSED_FUNCTION = YES;
				GCC_WARN_UNUSED_VARIABLE = YES;
				IPHONEOS_DEPLOYMENT_TARGET = 7.1;
				ONLY_ACTIVE_ARCH = YES;
				SDKROOT = iphoneos;
			};
			name = Debug;
		};
		9EEF58D21ADB936E00326755 /* Release */ = {
			isa = XCBuildConfiguration;
			buildSettings = {
				ALWAYS_SEARCH_USER_PATHS = NO;
				CLANG_CXX_LANGUAGE_STANDARD = "gnu++0x";
				CLANG_CXX_LIBRARY = "libc++";
				CLANG_ENABLE_MODULES = YES;
				CLANG_ENABLE_OBJC_ARC = YES;
				CLANG_WARN_BOOL_CONVERSION = YES;
				CLANG_WARN_CONSTANT_CONVERSION = YES;
				CLANG_WARN_DIRECT_OBJC_ISA_USAGE = YES_ERROR;
				CLANG_WARN_EMPTY_BODY = YES;
				CLANG_WARN_ENUM_CONVERSION = YES;
				CLANG_WARN_INT_CONVERSION = YES;
				CLANG_WARN_OBJC_ROOT_CLASS = YES_ERROR;
				CLANG_WARN__DUPLICATE_METHOD_MATCH = YES;
				"CODE_SIGN_IDENTITY[sdk=iphoneos*]" = "iPhone Developer";
				COPY_PHASE_STRIP = YES;
				ENABLE_NS_ASSERTIONS = NO;
				GCC_C_LANGUAGE_STANDARD = gnu99;
				GCC_WARN_64_TO_32_BIT_CONVERSION = YES;
				GCC_WARN_ABOUT_RETURN_TYPE = YES_ERROR;
				GCC_WARN_UNDECLARED_SELECTOR = YES;
				GCC_WARN_UNINITIALIZED_AUTOS = YES_AGGRESSIVE;
				GCC_WARN_UNUSED_FUNCTION = YES;
				GCC_WARN_UNUSED_VARIABLE = YES;
				IPHONEOS_DEPLOYMENT_TARGET = 7.1;
				SDKROOT = iphoneos;
				VALIDATE_PRODUCT = YES;
			};
			name = Release;
		};
		9EEF58D41ADB936E00326755 /* Debug */ = {
			isa = XCBuildConfiguration;
			buildSettings = {
				ASSETCATALOG_COMPILER_APPICON_NAME = AppIcon;
				ASSETCATALOG_COMPILER_LAUNCHIMAGE_NAME = LaunchImage;
				GCC_PRECOMPILE_PREFIX_HEADER = YES;
				GCC_PREFIX_HEADER = "有戏/有戏-Prefix.pch";
				INFOPLIST_FILE = "有戏/有戏-Info.plist";
				PRODUCT_NAME = "$(TARGET_NAME)";
				WRAPPER_EXTENSION = app;
			};
			name = Debug;
		};
		9EEF58D51ADB936E00326755 /* Release */ = {
			isa = XCBuildConfiguration;
			buildSettings = {
				ASSETCATALOG_COMPILER_APPICON_NAME = AppIcon;
				ASSETCATALOG_COMPILER_LAUNCHIMAGE_NAME = LaunchImage;
				GCC_PRECOMPILE_PREFIX_HEADER = YES;
				GCC_PREFIX_HEADER = "有戏/有戏-Prefix.pch";
				INFOPLIST_FILE = "有戏/有戏-Info.plist";
				PRODUCT_NAME = "$(TARGET_NAME)";
				WRAPPER_EXTENSION = app;
			};
			name = Release;
		};
		9EEF58D71ADB936E00326755 /* Debug */ = {
			isa = XCBuildConfiguration;
			buildSettings = {
				BUNDLE_LOADER = "$(BUILT_PRODUCTS_DIR)/有戏.app/有戏";
				FRAMEWORK_SEARCH_PATHS = (
					"$(SDKROOT)/Developer/Library/Frameworks",
					"$(inherited)",
					"$(DEVELOPER_FRAMEWORKS_DIR)",
				);
				GCC_PRECOMPILE_PREFIX_HEADER = YES;
				GCC_PREFIX_HEADER = "有戏/有戏-Prefix.pch";
				GCC_PREPROCESSOR_DEFINITIONS = (
					"DEBUG=1",
					"$(inherited)",
				);
				INFOPLIST_FILE = "有戏Tests/有戏Tests-Info.plist";
				PRODUCT_NAME = "$(TARGET_NAME)";
				TEST_HOST = "$(BUNDLE_LOADER)";
				WRAPPER_EXTENSION = xctest;
			};
			name = Debug;
		};
		9EEF58D81ADB936E00326755 /* Release */ = {
			isa = XCBuildConfiguration;
			buildSettings = {
				BUNDLE_LOADER = "$(BUILT_PRODUCTS_DIR)/有戏.app/有戏";
				FRAMEWORK_SEARCH_PATHS = (
					"$(SDKROOT)/Developer/Library/Frameworks",
					"$(inherited)",
					"$(DEVELOPER_FRAMEWORKS_DIR)",
				);
				GCC_PRECOMPILE_PREFIX_HEADER = YES;
				GCC_PREFIX_HEADER = "有戏/有戏-Prefix.pch";
				INFOPLIST_FILE = "有戏Tests/有戏Tests-Info.plist";
				PRODUCT_NAME = "$(TARGET_NAME)";
				TEST_HOST = "$(BUNDLE_LOADER)";
				WRAPPER_EXTENSION = xctest;
			};
			name = Release;
		};
/* End XCBuildConfiguration section */

/* Begin XCConfigurationList section */
		9EEF58A21ADB936E00326755 /* Build configuration list for PBXProject "有戏" */ = {
			isa = XCConfigurationList;
			buildConfigurations = (
				9EEF58D11ADB936E00326755 /* Debug */,
				9EEF58D21ADB936E00326755 /* Release */,
			);
			defaultConfigurationIsVisible = 0;
			defaultConfigurationName = Release;
		};
		9EEF58D31ADB936E00326755 /* Build configuration list for PBXNativeTarget "有戏" */ = {
			isa = XCConfigurationList;
			buildConfigurations = (
				9EEF58D41ADB936E00326755 /* Debug */,
				9EEF58D51ADB936E00326755 /* Release */,
			);
			defaultConfigurationIsVisible = 0;
		};
		9EEF58D61ADB936E00326755 /* Build configuration list for PBXNativeTarget "有戏Tests" */ = {
			isa = XCConfigurationList;
			buildConfigurations = (
				9EEF58D71ADB936E00326755 /* Debug */,
				9EEF58D81ADB936E00326755 /* Release */,
			);
			defaultConfigurationIsVisible = 0;
		};
/* End XCConfigurationList section */
	};
	rootObject = 9EEF589F1ADB936E00326755 /* Project object */;
}
